
Microsoft Visual Studio Solution File, Format Version 12.00
# Visual Studio 2012
Project("{FAE04EC0-301F-11D3-BF4B-00C04F79EFBC}") = "CustomOAuthProvider", "CustomOAuthProvider\CustomOAuthProvider.csproj", "{32B905B0-8AAD-4635-A9B8-F0C6ED6DC635}"
EndProject
Project("{2150E333-8FDC-42A3-9474-1A3956D46DE8}") = "Solution Items", "Solution Items", "{0A2F38FA-3A9B-4137-9013-27FF9FDB25B9}"
	ProjectSection(SolutionItems) = preProject
		LICENSE.md = LICENSE.md
		README.md = README.md
	EndProjectSection
EndProject
Global
	GlobalSection(SolutionConfigurationPlatforms) = preSolution
		Debug|Any CPU = Debug|Any CPU
		Release|Any CPU = Release|Any CPU
	EndGlobalSection
	GlobalSection(ProjectConfigurationPlatforms) = postSolution
		{32B905B0-8AAD-4635-A9B8-F0C6ED6DC635}.Debug|Any CPU.ActiveCfg = Debug|Any CPU
		{32B905B0-8AAD-4635-A9B8-F0C6ED6DC635}.Debug|Any CPU.Build.0 = Debug|Any CPU
		{32B905B0-8AAD-4635-A9B8-F0C6ED6DC635}.Release|Any CPU.ActiveCfg = Release|Any CPU
		{32B905B0-8AAD-4635-A9B8-F0C6ED6DC635}.Release|Any CPU.Build.0 = Release|Any CPU
	EndGlobalSection
	GlobalSection(SolutionProperties) = preSolution
		HideSolutionNode = FALSE
	EndGlobalSection
EndGlobal
